
Microsoft Visual Studio Solution File, Format Version 11.00
# Visual Studio 2010
Project("{FAE04EC0-301F-11D3-BF4B-00C04F79EFBC}") = "WpfDirectX", "WpfDirectX\WpfDirectX.csproj", "{6C2F1EDC-447A-46F6-BA2A-AC6A0E9C6424}"
EndProject
Project("{8BC9CEB8-8B4A-11D0-8D11-00A0C91BC942}") = "RendererLib", "RendererLib\RendererLib.vcxproj", "{D8623285-7699-42FE-A663-9ABE315C3D74}"
EndProject
Global
	GlobalSection(SolutionConfigurationPlatforms) = preSolution
		Debug|Mixed Platforms = Debug|Mixed Platforms
		Debug|Win32 = Debug|Win32
		Debug|x86 = Debug|x86
		Release|Mixed Platforms = Release|Mixed Platforms
		Release|Win32 = Release|Win32
		Release|x86 = Release|x86
	EndGlobalSection
	GlobalSection(ProjectConfigurationPlatforms) = postSolution
		{6C2F1EDC-447A-46F6-BA2A-AC6A0E9C6424}.Debug|Mixed Platforms.ActiveCfg = Debug|x86
		{6C2F1EDC-447A-46F6-BA2A-AC6A0E9C6424}.Debug|Mixed Platforms.Build.0 = Debug|x86
		{6C2F1EDC-447A-46F6-BA2A-AC6A0E9C6424}.Debug|Win32.ActiveCfg = Debug|x86
		{6C2F1EDC-447A-46F6-BA2A-AC6A0E9C6424}.Debug|x86.ActiveCfg = Debug|x86
		{6C2F1EDC-447A-46F6-BA2A-AC6A0E9C6424}.Debug|x86.Build.0 = Debug|x86
		{6C2F1EDC-447A-46F6-BA2A-AC6A0E9C6424}.Release|Mixed Platforms.ActiveCfg = Release|x86
		{6C2F1EDC-447A-46F6-BA2A-AC6A0E9C6424}.Release|Mixed Platforms.Build.0 = Release|x86
		{6C2F1EDC-447A-46F6-BA2A-AC6A0E9C6424}.Release|Win32.ActiveCfg = Release|x86
		{6C2F1EDC-447A-46F6-BA2A-AC6A0E9C6424}.Release|x86.ActiveCfg = Release|x86
		{6C2F1EDC-447A-46F6-BA2A-AC6A0E9C6424}.Release|x86.Build.0 = Release|x86
		{D8623285-7699-42FE-A663-9ABE315C3D74}.Debug|Mixed Platforms.ActiveCfg = Debug|Win32
		{D8623285-7699-42FE-A663-9ABE315C3D74}.Debug|Mixed Platforms.Build.0 = Debug|Win32
		{D8623285-7699-42FE-A663-9ABE315C3D74}.Debug|Win32.ActiveCfg = Debug|Win32
		{D8623285-7699-42FE-A663-9ABE315C3D74}.Debug|Win32.Build.0 = Debug|Win32
		{D8623285-7699-42FE-A663-9ABE315C3D74}.Debug|x86.ActiveCfg = Debug|Win32
		{D8623285-7699-42FE-A663-9ABE315C3D74}.Release|Mixed Platforms.ActiveCfg = Release|Win32
		{D8623285-7699-42FE-A663-9ABE315C3D74}.Release|Mixed Platforms.Build.0 = Release|Win32
		{D8623285-7699-42FE-A663-9ABE315C3D74}.Release|Win32.ActiveCfg = Release|Win32
		{D8623285-7699-42FE-A663-9ABE315C3D74}.Release|Win32.Build.0 = Release|Win32
		{D8623285-7699-42FE-A663-9ABE315C3D74}.Release|x86.ActiveCfg = Release|Win32
	EndGlobalSection
	GlobalSection(SolutionProperties) = preSolution
		HideSolutionNode = FALSE
	EndGlobalSection
EndGlobal
